
Microsoft Visual Studio Solution File, Format Version 12.00
# Visual Studio Version 17
VisualStudioVersion = 17.4.33110.190
MinimumVisualStudioVersion = 10.0.40219.1
Project("{FAE04EC0-301F-11D3-BF4B-00C04F79EFBC}") = "MarathonSkills", "MarathonSkills\MarathonSkills.csproj", "{0AE906F2-4539-4C23-8F3F-AFA13678F765}"
EndProject
Global
	GlobalSection(SolutionConfigurationPlatforms) = preSolution
		Debug|Any CPU = Debug|Any CPU
		Release|Any CPU = Release|Any CPU
	EndGlobalSection
	GlobalSection(ProjectConfigurationPlatforms) = postSolution
		{0AE906F2-4539-4C23-8F3F-AFA13678F765}.Debug|Any CPU.ActiveCfg = Debug|Any CPU
		{0AE906F2-4539-4C23-8F3F-AFA13678F765}.Debug|Any CPU.Build.0 = Debug|Any CPU
		{0AE906F2-4539-4C23-8F3F-AFA13678F765}.Release|Any CPU.ActiveCfg = Release|Any CPU
		{0AE906F2-4539-4C23-8F3F-AFA13678F765}.Release|Any CPU.Build.0 = Release|Any CPU
	EndGlobalSection
	GlobalSection(SolutionProperties) = preSolution
		HideSolutionNode = FALSE
	EndGlobalSection
	GlobalSection(ExtensibilityGlobals) = postSolution
		SolutionGuid = {F74E7E0B-A0AC-4C0D-BBB4-6AAC8ABF20E2}
	EndGlobalSection
EndGlobal
